
Microsoft Visual Studio Solution File, Format Version 12.00
# Visual Studio 14
VisualStudioVersion = 14.0.24720.0
MinimumVisualStudioVersion = 10.0.40219.1
Project("{FAE04EC0-301F-11D3-BF4B-00C04F79EFBC}") = "Pipeline", "Pipeline\Pipeline.csproj", "{C45F0CD6-C998-47EC-B67C-AD77196B06A0}"
EndProject
Project("{FAE04EC0-301F-11D3-BF4B-00C04F79EFBC}") = "Imaging", "Imaging\Imaging.csproj", "{C3EC3AB5-8DFD-4DAA-9833-246F0DB6A805}"
EndProject
Project("{FAE04EC0-301F-11D3-BF4B-00C04F79EFBC}") = "ImagingTest", "ImagingTest\ImagingTest.csproj", "{94D07323-456B-41DC-8FAC-7C1C77605E50}"
EndProject
Project("{FAE04EC0-301F-11D3-BF4B-00C04F79EFBC}") = "Xna", "Xna\Xna.csproj", "{46759719-42D9-473B-A8AD-0848A33BDAC6}"
EndProject
Project("{FAE04EC0-301F-11D3-BF4B-00C04F79EFBC}") = "XnaTest", "XnaTest\XnaTest.csproj", "{36B0F3D0-4409-4397-BC21-486DFDDF04F2}"
EndProject
Project("{FAE04EC0-301F-11D3-BF4B-00C04F79EFBC}") = "MathExtensions", "MathExtensions\MathExtensions.csproj", "{8C7C8A71-0A4B-4D75-9CB2-32803BD8F86F}"
EndProject
Global
	GlobalSection(SolutionConfigurationPlatforms) = preSolution
		Debug|Any CPU = Debug|Any CPU
		Debug|ARM = Debug|ARM
		Debug|x64 = Debug|x64
		Debug|x86 = Debug|x86
		Release|Any CPU = Release|Any CPU
		Release|ARM = Release|ARM
		Release|x64 = Release|x64
		Release|x86 = Release|x86
	EndGlobalSection
	GlobalSection(ProjectConfigurationPlatforms) = postSolution
		{C45F0CD6-C998-47EC-B67C-AD77196B06A0}.Debug|Any CPU.ActiveCfg = Debug|Any CPU
		{C45F0CD6-C998-47EC-B67C-AD77196B06A0}.Debug|Any CPU.Build.0 = Debug|Any CPU
		{C45F0CD6-C998-47EC-B67C-AD77196B06A0}.Debug|ARM.ActiveCfg = Debug|Any CPU
		{C45F0CD6-C998-47EC-B67C-AD77196B06A0}.Debug|ARM.Build.0 = Debug|Any CPU
		{C45F0CD6-C998-47EC-B67C-AD77196B06A0}.Debug|x64.ActiveCfg = Debug|Any CPU
		{C45F0CD6-C998-47EC-B67C-AD77196B06A0}.Debug|x64.Build.0 = Debug|Any CPU
		{C45F0CD6-C998-47EC-B67C-AD77196B06A0}.Debug|x86.ActiveCfg = Debug|Any CPU
		{C45F0CD6-C998-47EC-B67C-AD77196B06A0}.Debug|x86.Build.0 = Debug|Any CPU
		{C45F0CD6-C998-47EC-B67C-AD77196B06A0}.Release|Any CPU.ActiveCfg = Release|Any CPU
		{C45F0CD6-C998-47EC-B67C-AD77196B06A0}.Release|Any CPU.Build.0 = Release|Any CPU
		{C45F0CD6-C998-47EC-B67C-AD77196B06A0}.Release|ARM.ActiveCfg = Release|Any CPU
		{C45F0CD6-C998-47EC-B67C-AD77196B06A0}.Release|ARM.Build.0 = Release|Any CPU
		{C45F0CD6-C998-47EC-B67C-AD77196B06A0}.Release|x64.ActiveCfg = Release|Any CPU
		{C45F0CD6-C998-47EC-B67C-AD77196B06A0}.Release|x64.Build.0 = Release|Any CPU
		{C45F0CD6-C998-47EC-B67C-AD77196B06A0}.Release|x86.ActiveCfg = Release|Any CPU
		{C45F0CD6-C998-47EC-B67C-AD77196B06A0}.Release|x86.Build.0 = Release|Any CPU
		{C3EC3AB5-8DFD-4DAA-9833-246F0DB6A805}.Debug|Any CPU.ActiveCfg = Debug|Any CPU
		{C3EC3AB5-8DFD-4DAA-9833-246F0DB6A805}.Debug|Any CPU.Build.0 = Debug|Any CPU
		{C3EC3AB5-8DFD-4DAA-9833-246F0DB6A805}.Debug|ARM.ActiveCfg = Debug|Any CPU
		{C3EC3AB5-8DFD-4DAA-9833-246F0DB6A805}.Debug|ARM.Build.0 = Debug|Any CPU
		{C3EC3AB5-8DFD-4DAA-9833-246F0DB6A805}.Debug|x64.ActiveCfg = Debug|Any CPU
		{C3EC3AB5-8DFD-4DAA-9833-246F0DB6A805}.Debug|x64.Build.0 = Debug|Any CPU
		{C3EC3AB5-8DFD-4DAA-9833-246F0DB6A805}.Debug|x86.ActiveCfg = Debug|Any CPU
		{C3EC3AB5-8DFD-4DAA-9833-246F0DB6A805}.Debug|x86.Build.0 = Debug|Any CPU
		{C3EC3AB5-8DFD-4DAA-9833-246F0DB6A805}.Release|Any CPU.ActiveCfg = Release|Any CPU
		{C3EC3AB5-8DFD-4DAA-9833-246F0DB6A805}.Release|Any CPU.Build.0 = Release|Any CPU
		{C3EC3AB5-8DFD-4DAA-9833-246F0DB6A805}.Release|ARM.ActiveCfg = Release|Any CPU
		{C3EC3AB5-8DFD-4DAA-9833-246F0DB6A805}.Release|ARM.Build.0 = Release|Any CPU
		{C3EC3AB5-8DFD-4DAA-9833-246F0DB6A805}.Release|x64.ActiveCfg = Release|Any CPU
		{C3EC3AB5-8DFD-4DAA-9833-246F0DB6A805}.Release|x64.Build.0 = Release|Any CPU
		{C3EC3AB5-8DFD-4DAA-9833-246F0DB6A805}.Release|x86.ActiveCfg = Release|Any CPU
		{C3EC3AB5-8DFD-4DAA-9833-246F0DB6A805}.Release|x86.Build.0 = Release|Any CPU
		{94D07323-456B-41DC-8FAC-7C1C77605E50}.Debug|Any CPU.ActiveCfg = Debug|Any CPU
		{94D07323-456B-41DC-8FAC-7C1C77605E50}.Debug|Any CPU.Build.0 = Debug|Any CPU
		{94D07323-456B-41DC-8FAC-7C1C77605E50}.Debug|ARM.ActiveCfg = Debug|Any CPU
		{94D07323-456B-41DC-8FAC-7C1C77605E50}.Debug|ARM.Build.0 = Debug|Any CPU
		{94D07323-456B-41DC-8FAC-7C1C77605E50}.Debug|x64.ActiveCfg = Debug|Any CPU
		{94D07323-456B-41DC-8FAC-7C1C77605E50}.Debug|x64.Build.0 = Debug|Any CPU
		{94D07323-456B-41DC-8FAC-7C1C77605E50}.Debug|x86.ActiveCfg = Debug|Any CPU
		{94D07323-456B-41DC-8FAC-7C1C77605E50}.Debug|x86.Build.0 = Debug|Any CPU
		{94D07323-456B-41DC-8FAC-7C1C77605E50}.Release|Any CPU.ActiveCfg = Release|Any CPU
		{94D07323-456B-41DC-8FAC-7C1C77605E50}.Release|Any CPU.Build.0 = Release|Any CPU
		{94D07323-456B-41DC-8FAC-7C1C77605E50}.Release|ARM.ActiveCfg = Release|Any CPU
		{94D07323-456B-41DC-8FAC-7C1C77605E50}.Release|ARM.Build.0 = Release|Any CPU
		{94D07323-456B-41DC-8FAC-7C1C77605E50}.Release|x64.ActiveCfg = Release|Any CPU
		{94D07323-456B-41DC-8FAC-7C1C77605E50}.Release|x64.Build.0 = Release|Any CPU
		{94D07323-456B-41DC-8FAC-7C1C77605E50}.Release|x86.ActiveCfg = Release|Any CPU
		{94D07323-456B-41DC-8FAC-7C1C77605E50}.Release|x86.Build.0 = Release|Any CPU
		{46759719-42D9-473B-A8AD-0848A33BDAC6}.Debug|Any CPU.ActiveCfg = Debug|Any CPU
		{46759719-42D9-473B-A8AD-0848A33BDAC6}.Debug|Any CPU.Build.0 = Debug|Any CPU
		{46759719-42D9-473B-A8AD-0848A33BDAC6}.Debug|ARM.ActiveCfg = Debug|Any CPU
		{46759719-42D9-473B-A8AD-0848A33BDAC6}.Debug|ARM.Build.0 = Debug|Any CPU
		{46759719-42D9-473B-A8AD-0848A33BDAC6}.Debug|x64.ActiveCfg = Debug|Any CPU
		{46759719-42D9-473B-A8AD-0848A33BDAC6}.Debug|x64.Build.0 = Debug|Any CPU
		{46759719-42D9-473B-A8AD-0848A33BDAC6}.Debug|x86.ActiveCfg = Debug|Any CPU
		{46759719-42D9-473B-A8AD-0848A33BDAC6}.Debug|x86.Build.0 = Debug|Any CPU
		{46759719-42D9-473B-A8AD-0848A33BDAC6}.Release|Any CPU.ActiveCfg = Release|Any CPU
		{46759719-42D9-473B-A8AD-0848A33BDAC6}.Release|Any CPU.Build.0 = Release|Any CPU
		{46759719-42D9-473B-A8AD-0848A33BDAC6}.Release|ARM.ActiveCfg = Release|Any CPU
		{46759719-42D9-473B-A8AD-0848A33BDAC6}.Release|ARM.Build.0 = Release|Any CPU
		{46759719-42D9-473B-A8AD-0848A33BDAC6}.Release|x64.ActiveCfg = Release|Any CPU
		{46759719-42D9-473B-A8AD-0848A33BDAC6}.Release|x64.Build.0 = Release|Any CPU
		{46759719-42D9-473B-A8AD-0848A33BDAC6}.Release|x86.ActiveCfg = Release|Any CPU
		{46759719-42D9-473B-A8AD-0848A33BDAC6}.Release|x86.Build.0 = Release|Any CPU
		{36B0F3D0-4409-4397-BC21-486DFDDF04F2}.Debug|Any CPU.ActiveCfg = Debug|Any CPU
		{36B0F3D0-4409-4397-BC21-486DFDDF04F2}.Debug|Any CPU.Build.0 = Debug|Any CPU
		{36B0F3D0-4409-4397-BC21-486DFDDF04F2}.Debug|ARM.ActiveCfg = Debug|Any CPU
		{36B0F3D0-4409-4397-BC21-486DFDDF04F2}.Debug|ARM.Build.0 = Debug|Any CPU
		{36B0F3D0-4409-4397-BC21-486DFDDF04F2}.Debug|x64.ActiveCfg = Debug|Any CPU
		{36B0F3D0-4409-4397-BC21-486DFDDF04F2}.Debug|x64.Build.0 = Debug|Any CPU
		{36B0F3D0-4409-4397-BC21-486DFDDF04F2}.Debug|x86.ActiveCfg = Debug|Any CPU
		{36B0F3D0-4409-4397-BC21-486DFDDF04F2}.Debug|x86.Build.0 = Debug|Any CPU
		{36B0F3D0-4409-4397-BC21-486DFDDF04F2}.Release|Any CPU.ActiveCfg = Release|Any CPU
		{36B0F3D0-4409-4397-BC21-486DFDDF04F2}.Release|Any CPU.Build.0 = Release|Any CPU
		{36B0F3D0-4409-4397-BC21-486DFDDF04F2}.Release|ARM.ActiveCfg = Release|Any CPU
		{36B0F3D0-4409-4397-BC21-486DFDDF04F2}.Release|ARM.Build.0 = Release|Any CPU
		{36B0F3D0-4409-4397-BC21-486DFDDF04F2}.Release|x64.ActiveCfg = Release|Any CPU
		{36B0F3D0-4409-4397-BC21-486DFDDF04F2}.Release|x64.Build.0 = Release|Any CPU
		{36B0F3D0-4409-4397-BC21-486DFDDF04F2}.Release|x86.ActiveCfg = Release|Any CPU
		{36B0F3D0-4409-4397-BC21-486DFDDF04F2}.Release|x86.Build.0 = Release|Any CPU
		{8C7C8A71-0A4B-4D75-9CB2-32803BD8F86F}.Debug|Any CPU.ActiveCfg = Debug|Any CPU
		{8C7C8A71-0A4B-4D75-9CB2-32803BD8F86F}.Debug|Any CPU.Build.0 = Debug|Any CPU
		{8C7C8A71-0A4B-4D75-9CB2-32803BD8F86F}.Debug|ARM.ActiveCfg = Debug|Any CPU
		{8C7C8A71-0A4B-4D75-9CB2-32803BD8F86F}.Debug|ARM.Build.0 = Debug|Any CPU
		{8C7C8A71-0A4B-4D75-9CB2-32803BD8F86F}.Debug|x64.ActiveCfg = Debug|Any CPU
		{8C7C8A71-0A4B-4D75-9CB2-32803BD8F86F}.Debug|x64.Build.0 = Debug|Any CPU
		{8C7C8A71-0A4B-4D75-9CB2-32803BD8F86F}.Debug|x86.ActiveCfg = Debug|Any CPU
		{8C7C8A71-0A4B-4D75-9CB2-32803BD8F86F}.Debug|x86.Build.0 = Debug|Any CPU
		{8C7C8A71-0A4B-4D75-9CB2-32803BD8F86F}.Release|Any CPU.ActiveCfg = Release|Any CPU
		{8C7C8A71-0A4B-4D75-9CB2-32803BD8F86F}.Release|Any CPU.Build.0 = Release|Any CPU
		{8C7C8A71-0A4B-4D75-9CB2-32803BD8F86F}.Release|ARM.ActiveCfg = Release|Any CPU
		{8C7C8A71-0A4B-4D75-9CB2-32803BD8F86F}.Release|ARM.Build.0 = Release|Any CPU
		{8C7C8A71-0A4B-4D75-9CB2-32803BD8F86F}.Release|x64.ActiveCfg = Release|Any CPU
		{8C7C8A71-0A4B-4D75-9CB2-32803BD8F86F}.Release|x64.Build.0 = Release|Any CPU
		{8C7C8A71-0A4B-4D75-9CB2-32803BD8F86F}.Release|x86.ActiveCfg = Release|Any CPU
		{8C7C8A71-0A4B-4D75-9CB2-32803BD8F86F}.Release|x86.Build.0 = Release|Any CPU
	EndGlobalSection
	GlobalSection(SolutionProperties) = preSolution
		HideSolutionNode = FALSE
	EndGlobalSection
EndGlobal
